PODS:
  - Alamofire (5.2.2)
  - Moya (14.0.0):
    - Moya/Core (= 14.0.0)
  - Moya/Core (14.0.0):
    - Alamofire (~> 5.0)
  - SwiftyJSON (5.0.0)

DEPENDENCIES:
  - Moya
  - SwiftyJSON

SPEC REPOS:
  trunk:
    - Alamofire
    - Moya
    - SwiftyJSON

SPEC CHECKSUMS:
  Alamofire: 814429acc853c6c54ff123fc3d2ef66803823ce0
  Moya: 5b45dacb75adb009f97fde91c204c1e565d31916
  SwiftyJSON: 36413e04c44ee145039d332b4f4e2d3e8d6c4db7

PODFILE CHECKSUM: f9a6ec4307bd82c5114539efefea51d8515b0ef9

COCOAPODS: 1.9.3
