// !$*UTF8*$!
{
	archiveVersion = 1;
	classes = {
	};
	objectVersion = 50;
	objects = {

/* Begin PBXBuildFile section */
		75620E3B2516548300F87394 /* AppDelegate.swift in Sources */ = {isa = PBXBuildFile; fileRef = 75620E3A2516548300F87394 /* AppDelegate.swift */; };
		75620E442516548700F87394 /* Assets.xcassets in Resources */ = {isa = PBXBuildFile; fileRef = 75620E432516548700F87394 /* Assets.xcassets */; };
		75620E472516548700F87394 /* LaunchScreen.storyboard in Resources */ = {isa = PBXBuildFile; fileRef = 75620E452516548700F87394 /* LaunchScreen.storyboard */; };
		75620E50251655BC00F87394 /* MostStarredGithubReposUI.swift in Sources */ = {isa = PBXBuildFile; fileRef = 75620E4F251655BC00F87394 /* MostStarredGithubReposUI.swift */; };
		75620E52251655D000F87394 /* MostStarredGithubReposView.swift in Sources */ = {isa = PBXBuildFile; fileRef = 75620E51251655D000F87394 /* MostStarredGithubReposView.swift */; };
		75620E54251655E400F87394 /* MostStarredGithubReposProtocol.swift in Sources */ = {isa = PBXBuildFile; fileRef = 75620E53251655E400F87394 /* MostStarredGithubReposProtocol.swift */; };
		75620E56251655FF00F87394 /* MostStarredGithubReposInteractor.swift in Sources */ = {isa = PBXBuildFile; fileRef = 75620E55251655FF00F87394 /* MostStarredGithubReposInteractor.swift */; };
		75620E582516561800F87394 /* MostStarredGithubReposPresenter.swift in Sources */ = {isa = PBXBuildFile; fileRef = 75620E572516561800F87394 /* MostStarredGithubReposPresenter.swift */; };
		75620E5A2516562600F87394 /* MostStarredGithubReposEntity.swift in Sources */ = {isa = PBXBuildFile; fileRef = 75620E592516562600F87394 /* MostStarredGithubReposEntity.swift */; };
		75620E5C2516563100F87394 /* MostStarredGithubReposRouter.swift in Sources */ = {isa = PBXBuildFile; fileRef = 75620E5B2516563100F87394 /* MostStarredGithubReposRouter.swift */; };
		75620E5F251659B700F87394 /* BaseUINavigationController.swift in Sources */ = {isa = PBXBuildFile; fileRef = 75620E5E251659B700F87394 /* BaseUINavigationController.swift */; };
/* End PBXBuildFile section */

/* Begin PBXFileReference section */
		75620E372516548300F87394 /* mobile-coding-challenge.app */ = {isa = PBXFileReference; explicitFileType = wrapper.application; includeInIndex = 0; path = "mobile-coding-challenge.app"; sourceTree = BUILT_PRODUCTS_DIR; };
		75620E3A2516548300F87394 /* AppDelegate.swift */ = {isa = PBXFileReference; lastKnownFileType = sourcecode.swift; path = AppDelegate.swift; sourceTree = "<group>"; };
		75620E432516548700F87394 /* Assets.xcassets */ = {isa = PBXFileReference; lastKnownFileType = folder.assetcatalog; path = Assets.xcassets; sourceTree = "<group>"; };
		75620E462516548700F87394 /* Base */ = {isa = PBXFileReference; lastKnownFileType = file.storyboard; name = Base; path = Base.lproj/LaunchScreen.storyboard; sourceTree = "<group>"; };
		75620E482516548700F87394 /* Info.plist */ = {isa = PBXFileReference; lastKnownFileType = text.plist.xml; path = Info.plist; sourceTree = "<group>"; };
		75620E4F251655BC00F87394 /* MostStarredGithubReposUI.swift */ = {isa = PBXFileReference; lastKnownFileType = sourcecode.swift; path = MostStarredGithubReposUI.swift; sourceTree = "<group>"; };
		75620E51251655D000F87394 /* MostStarredGithubReposView.swift */ = {isa = PBXFileReference; lastKnownFileType = sourcecode.swift; path = MostStarredGithubReposView.swift; sourceTree = "<group>"; };
		75620E53251655E400F87394 /* MostStarredGithubReposProtocol.swift */ = {isa = PBXFileReference; lastKnownFileType = sourcecode.swift; path = MostStarredGithubReposProtocol.swift; sourceTree = "<group>"; };
		75620E55251655FF00F87394 /* MostStarredGithubReposInteractor.swift */ = {isa = PBXFileReference; lastKnownFileType = sourcecode.swift; path = MostStarredGithubReposInteractor.swift; sourceTree = "<group>"; };
		75620E572516561800F87394 /* MostStarredGithubReposPresenter.swift */ = {isa = PBXFileReference; lastKnownFileType = sourcecode.swift; path = MostStarredGithubReposPresenter.swift; sourceTree = "<group>"; };
		75620E592516562600F87394 /* MostStarredGithubReposEntity.swift */ = {isa = PBXFileReference; lastKnownFileType = sourcecode.swift; path = MostStarredGithubReposEntity.swift; sourceTree = "<group>"; };
		75620E5B2516563100F87394 /* MostStarredGithubReposRouter.swift */ = {isa = PBXFileReference; lastKnownFileType = sourcecode.swift; path = MostStarredGithubReposRouter.swift; sourceTree = "<group>"; };
		75620E5E251659B700F87394 /* BaseUINavigationController.swift */ = {isa = PBXFileReference; lastKnownFileType = sourcecode.swift; path = BaseUINavigationController.swift; sourceTree = "<group>"; };
/* End PBXFileReference section */

/* Begin PBXFrameworksBuildPhase section */
		75620E342516548300F87394 /* Frameworks */ = {
			isa = PBXFrameworksBuildPhase;
			buildActionMask = 2147483647;
			files = (
			);
			runOnlyForDeploymentPostprocessing = 0;
		};
/* End PBXFrameworksBuildPhase section */

/* Begin PBXGroup section */
		75620E2E2516548300F87394 = {
			isa = PBXGroup;
			children = (
				75620E392516548300F87394 /* mobile-coding-challenge */,
				75620E382516548300F87394 /* Products */,
			);
			sourceTree = "<group>";
		};
		75620E382516548300F87394 /* Products */ = {
			isa = PBXGroup;
			children = (
				75620E372516548300F87394 /* mobile-coding-challenge.app */,
			);
			name = Products;
			sourceTree = "<group>";
		};
		75620E392516548300F87394 /* mobile-coding-challenge */ = {
			isa = PBXGroup;
			children = (
				75620E5D2516597800F87394 /* Base Controllers */,
				75620E4E2516557900F87394 /* Most Starred Github Repos */,
				75620E3A2516548300F87394 /* AppDelegate.swift */,
				75620E432516548700F87394 /* Assets.xcassets */,
				75620E452516548700F87394 /* LaunchScreen.storyboard */,
				75620E482516548700F87394 /* Info.plist */,
			);
			path = "mobile-coding-challenge";
			sourceTree = "<group>";
		};
		75620E4E2516557900F87394 /* Most Starred Github Repos */ = {
			isa = PBXGroup;
			children = (
				75620E4F251655BC00F87394 /* MostStarredGithubReposUI.swift */,
				75620E51251655D000F87394 /* MostStarredGithubReposView.swift */,
				75620E53251655E400F87394 /* MostStarredGithubReposProtocol.swift */,
				75620E55251655FF00F87394 /* MostStarredGithubReposInteractor.swift */,
				75620E572516561800F87394 /* MostStarredGithubReposPresenter.swift */,
				75620E592516562600F87394 /* MostStarredGithubReposEntity.swift */,
				75620E5B2516563100F87394 /* MostStarredGithubReposRouter.swift */,
			);
			path = "Most Starred Github Repos";
			sourceTree = "<group>";
		};
		75620E5D2516597800F87394 /* Base Controllers */ = {
			isa = PBXGroup;
			children = (
				75620E5E251659B700F87394 /* BaseUINavigationController.swift */,
			);
			path = "Base Controllers";
			sourceTree = "<group>";
		};
/* End PBXGroup section */

/* Begin PBXNativeTarget section */
		75620E362516548300F87394 /* mobile-coding-challenge */ = {
			isa = PBXNativeTarget;
			buildConfigurationList = 75620E4B2516548700F87394 /* Build configuration list for PBXNativeTarget "mobile-coding-challenge" */;
			buildPhases = (
				75620E332516548300F87394 /* Sources */,
				75620E342516548300F87394 /* Frameworks */,
				75620E352516548300F87394 /* Resources */,
			);
			buildRules = (
			);
			dependencies = (
			);
			name = "mobile-coding-challenge";
			productName = "mobile-coding-challenge";
			productReference = 75620E372516548300F87394 /* mobile-coding-challenge.app */;
			productType = "com.apple.product-type.application";
		};
/* End PBXNativeTarget section */

/* Begin PBXProject section */
		75620E2F2516548300F87394 /* Project object */ = {
			isa = PBXProject;
			attributes = {
				LastSwiftUpdateCheck = 1170;
				LastUpgradeCheck = 1170;
				ORGANIZATIONNAME = Zakariae;
				TargetAttributes = {
					75620E362516548300F87394 = {
						CreatedOnToolsVersion = 11.7;
					};
				};
			};
			buildConfigurationList = 75620E322516548300F87394 /* Build configuration list for PBXProject "mobile-coding-challenge" */;
			compatibilityVersion = "Xcode 9.3";
			developmentRegion = en;
			hasScannedForEncodings = 0;
			knownRegions = (
				en,
				Base,
			);
			mainGroup = 75620E2E2516548300F87394;
			productRefGroup = 75620E382516548300F87394 /* Products */;
			projectDirPath = "";
			projectRoot = "";
			targets = (
				75620E362516548300F87394 /* mobile-coding-challenge */,
			);
		};
/* End PBXProject section */

/* Begin PBXResourcesBuildPhase section */
		75620E352516548300F87394 /* Resources */ = {
			isa = PBXResourcesBuildPhase;
			buildActionMask = 2147483647;
			files = (
				75620E472516548700F87394 /* LaunchScreen.storyboard in Resources */,
				75620E442516548700F87394 /* Assets.xcassets in Resources */,
			);
			runOnlyForDeploymentPostprocessing = 0;
		};
/* End PBXResourcesBuildPhase section */

/* Begin PBXSourcesBuildPhase section */
		75620E332516548300F87394 /* Sources */ = {
			isa = PBXSourcesBuildPhase;
			buildActionMask = 2147483647;
			files = (
				75620E52251655D000F87394 /* MostStarredGithubReposView.swift in Sources */,
				75620E54251655E400F87394 /* MostStarredGithubReposProtocol.swift in Sources */,
				75620E5C2516563100F87394 /* MostStarredGithubReposRouter.swift in Sources */,
				75620E5F251659B700F87394 /* BaseUINavigationController.swift in Sources */,
				75620E5A2516562600F87394 /* MostStarredGithubReposEntity.swift in Sources */,
				75620E582516561800F87394 /* MostStarredGithubReposPresenter.swift in Sources */,
				75620E56251655FF00F87394 /* MostStarredGithubReposInteractor.swift in Sources */,
				75620E3B2516548300F87394 /* AppDelegate.swift in Sources */,
				75620E50251655BC00F87394 /* MostStarredGithubReposUI.swift in Sources */,
			);
			runOnlyForDeploymentPostprocessing = 0;
		};
/* End PBXSourcesBuildPhase section */

/* Begin PBXVariantGroup section */
		75620E452516548700F87394 /* LaunchScreen.storyboard */ = {
			isa = PBXVariantGroup;
			children = (
				75620E462516548700F87394 /* Base */,
			);
			name = LaunchScreen.storyboard;
			sourceTree = "<group>";
		};
/* End PBXVariantGroup section */

/* Begin XCBuildConfiguration section */
		75620E492516548700F87394 /* Debug */ = {
			isa = XCBuildConfiguration;
			buildSettings = {
				ALWAYS_SEARCH_USER_PATHS = NO;
				CLANG_ANALYZER_NONNULL = YES;
				CLANG_ANALYZER_NUMBER_OBJECT_CONVERSION = YES_AGGRESSIVE;
				CLANG_CXX_LANGUAGE_STANDARD = "gnu++14";
				CLANG_CXX_LIBRARY = "libc++";
				CLANG_ENABLE_MODULES = YES;
				CLANG_ENABLE_OBJC_ARC = YES;
				CLANG_ENABLE_OBJC_WEAK = YES;
				CLANG_WARN_BLOCK_CAPTURE_AUTORELEASING = YES;
				CLANG_WARN_BOOL_CONVERSION = YES;
				CLANG_WARN_COMMA = YES;
				CLANG_WARN_CONSTANT_CONVERSION = YES;
				CLANG_WARN_DEPRECATED_OBJC_IMPLEMENTATIONS = YES;
				CLANG_WARN_DIRECT_OBJC_ISA_USAGE = YES_ERROR;
				CLANG_WARN_DOCUMENTATION_COMMENTS = YES;
				CLANG_WARN_EMPTY_BODY = YES;
				CLANG_WARN_ENUM_CONVERSION = YES;
				CLANG_WARN_INFINITE_RECURSION = YES;
				CLANG_WARN_INT_CONVERSION = YES;
				CLANG_WARN_NON_LITERAL_NULL_CONVERSION = YES;
				CLANG_WARN_OBJC_IMPLICIT_RETAIN_SELF = YES;
				CLANG_WARN_OBJC_LITERAL_CONVERSION = YES;
				CLANG_WARN_OBJC_ROOT_CLASS = YES_ERROR;
				CLANG_WARN_RANGE_LOOP_ANALYSIS = YES;
				CLANG_WARN_STRICT_PROTOTYPES = YES;
				CLANG_WARN_SUSPICIOUS_MOVE = YES;
				CLANG_WARN_UNGUARDED_AVAILABILITY = YES_AGGRESSIVE;
				CLANG_WARN_UNREACHABLE_CODE = YES;
				CLANG_WARN__DUPLICATE_METHOD_MATCH = YES;
				COPY_PHASE_STRIP = NO;
				DEBUG_INFORMATION_FORMAT = dwarf;
				ENABLE_STRICT_OBJC_MSGSEND = YES;
				ENABLE_TESTABILITY = YES;
				GCC_C_LANGUAGE_STANDARD = gnu11;
				GCC_DYNAMIC_NO_PIC = NO;
				GCC_NO_COMMON_BLOCKS = YES;
				GCC_OPTIMIZATION_LEVEL = 0;
				GCC_PREPROCESSOR_DEFINITIONS = (
					"DEBUG=1",
					"$(inherited)",
				);
				GCC_WARN_64_TO_32_BIT_CONVERSION = YES;
				GCC_WARN_ABOUT_RETURN_TYPE = YES_ERROR;
				GCC_WARN_UNDECLARED_SELECTOR = YES;
				GCC_WARN_UNINITIALIZED_AUTOS = YES_AGGRESSIVE;
				GCC_WARN_UNUSED_FUNCTION = YES;
				GCC_WARN_UNUSED_VARIABLE = YES;
				IPHONEOS_DEPLOYMENT_TARGET = 12.0;
				MTL_ENABLE_DEBUG_INFO = INCLUDE_SOURCE;
				MTL_FAST_MATH = YES;
				ONLY_ACTIVE_ARCH = YES;
				SDKROOT = iphoneos;
				SWIFT_ACTIVE_COMPILATION_CONDITIONS = DEBUG;
				SWIFT_OPTIMIZATION_LEVEL = "-Onone";
			};
			name = Debug;
		};
		75620E4A2516548700F87394 /* Release */ = {
			isa = XCBuildConfiguration;
			buildSettings = {
				ALWAYS_SEARCH_USER_PATHS = NO;
				CLANG_ANALYZER_NONNULL = YES;
				CLANG_ANALYZER_NUMBER_OBJECT_CONVERSION = YES_AGGRESSIVE;
				CLANG_CXX_LANGUAGE_STANDARD = "gnu++14";
				CLANG_CXX_LIBRARY = "libc++";
				CLANG_ENABLE_MODULES = YES;
				CLANG_ENABLE_OBJC_ARC = YES;
				CLANG_ENABLE_OBJC_WEAK = YES;
				CLANG_WARN_BLOCK_CAPTURE_AUTORELEASING = YES;
				CLANG_WARN_BOOL_CONVERSION = YES;
				CLANG_WARN_COMMA = YES;
				CLANG_WARN_CONSTANT_CONVERSION = YES;
				CLANG_WARN_DEPRECATED_OBJC_IMPLEMENTATIONS = YES;
				CLANG_WARN_DIRECT_OBJC_ISA_USAGE = YES_ERROR;
				CLANG_WARN_DOCUMENTATION_COMMENTS = YES;
				CLANG_WARN_EMPTY_BODY = YES;
				CLANG_WARN_ENUM_CONVERSION = YES;
				CLANG_WARN_INFINITE_RECURSION = YES;
				CLANG_WARN_INT_CONVERSION = YES;
				CLANG_WARN_NON_LITERAL_NULL_CONVERSION = YES;
				CLANG_WARN_OBJC_IMPLICIT_RETAIN_SELF = YES;
				CLANG_WARN_OBJC_LITERAL_CONVERSION = YES;
				CLANG_WARN_OBJC_ROOT_CLASS = YES_ERROR;
				CLANG_WARN_RANGE_LOOP_ANALYSIS = YES;
				CLANG_WARN_STRICT_PROTOTYPES = YES;
				CLANG_WARN_SUSPICIOUS_MOVE = YES;
				CLANG_WARN_UNGUARDED_AVAILABILITY = YES_AGGRESSIVE;
				CLANG_WARN_UNREACHABLE_CODE = YES;
				CLANG_WARN__DUPLICATE_METHOD_MATCH = YES;
				COPY_PHASE_STRIP = NO;
				DEBUG_INFORMATION_FORMAT = "dwarf-with-dsym";
				ENABLE_NS_ASSERTIONS = NO;
				ENABLE_STRICT_OBJC_MSGSEND = YES;
				GCC_C_LANGUAGE_STANDARD = gnu11;
				GCC_NO_COMMON_BLOCKS = YES;
				GCC_WARN_64_TO_32_BIT_CONVERSION = YES;
				GCC_WARN_ABOUT_RETURN_TYPE = YES_ERROR;
				GCC_WARN_UNDECLARED_SELECTOR = YES;
				GCC_WARN_UNINITIALIZED_AUTOS = YES_AGGRESSIVE;
				GCC_WARN_UNUSED_FUNCTION = YES;
				GCC_WARN_UNUSED_VARIABLE = YES;
				IPHONEOS_DEPLOYMENT_TARGET = 12.0;
				MTL_ENABLE_DEBUG_INFO = NO;
				MTL_FAST_MATH = YES;
				SDKROOT = iphoneos;
				SWIFT_COMPILATION_MODE = wholemodule;
				SWIFT_OPTIMIZATION_LEVEL = "-O";
				VALIDATE_PRODUCT = YES;
			};
			name = Release;
		};
		75620E4C2516548700F87394 /* Debug */ = {
			isa = XCBuildConfiguration;
			buildSettings = {
				ASSETCATALOG_COMPILER_APPICON_NAME = AppIcon;
				CODE_SIGN_STYLE = Automatic;
				INFOPLIST_FILE = "mobile-coding-challenge/Info.plist";
				IPHONEOS_DEPLOYMENT_TARGET = 12.0;
				LD_RUNPATH_SEARCH_PATHS = (
					"$(inherited)",
					"@executable_path/Frameworks",
				);
				PRODUCT_BUNDLE_IDENTIFIER = "com.zakariae.mobile-coding-challenge";
				PRODUCT_NAME = "$(TARGET_NAME)";
				SWIFT_VERSION = 5.0;
				TARGETED_DEVICE_FAMILY = "1,2";
			};
			name = Debug;
		};
		75620E4D2516548700F87394 /* Release */ = {
			isa = XCBuildConfiguration;
			buildSettings = {
				ASSETCATALOG_COMPILER_APPICON_NAME = AppIcon;
				CODE_SIGN_STYLE = Automatic;
				INFOPLIST_FILE = "mobile-coding-challenge/Info.plist";
				IPHONEOS_DEPLOYMENT_TARGET = 12.0;
				LD_RUNPATH_SEARCH_PATHS = (
					"$(inherited)",
					"@executable_path/Frameworks",
				);
				PRODUCT_BUNDLE_IDENTIFIER = "com.zakariae.mobile-coding-challenge";
				PRODUCT_NAME = "$(TARGET_NAME)";
				SWIFT_VERSION = 5.0;
				TARGETED_DEVICE_FAMILY = "1,2";
			};
			name = Release;
		};
/* End XCBuildConfiguration section */

/* Begin XCConfigurationList section */
		75620E322516548300F87394 /* Build configuration list for PBXProject "mobile-coding-challenge" */ = {
			isa = XCConfigurationList;
			buildConfigurations = (
				75620E492516548700F87394 /* Debug */,
				75620E4A2516548700F87394 /* Release */,
			);
			defaultConfigurationIsVisible = 0;
			defaultConfigurationName = Release;
		};
		75620E4B2516548700F87394 /* Build configuration list for PBXNativeTarget "mobile-coding-challenge" */ = {
			isa = XCConfigurationList;
			buildConfigurations = (
				75620E4C2516548700F87394 /* Debug */,
				75620E4D2516548700F87394 /* Release */,
			);
			defaultConfigurationIsVisible = 0;
			defaultConfigurationName = Release;
		};
/* End XCConfigurationList section */
	};
	rootObject = 75620E2F2516548300F87394 /* Project object */;
}
